
Microsoft Visual Studio Solution File, Format Version 12.00
# Visual Studio Version 17
VisualStudioVersion = 17.9.34902.65
MinimumVisualStudioVersion = 10.0.40219.1
Project("{9A19103F-16F7-4668-BE54-9A1E7A4F7556}") = "OOP_Assignment", "OOP_Assignment\OOP_Assignment.csproj", "{92D09766-9A43-480D-BC66-5F0E5950E419}"
EndProject
Project("{9A19103F-16F7-4668-BE54-9A1E7A4F7556}") = "AbstractClass", "AbstractClass\AbstractClass.csproj", "{783B512F-7DA5-46F1-854B-B58F580AC307}"
EndProject
Project("{2150E333-8FDC-42A3-9474-1A3956D46DE8}") = "Solution Items", "Solution Items", "{77C96F64-8D3D-4736-92F1-6C87915081F4}"
	ProjectSection(SolutionItems) = preProject
		.editorconfig = .editorconfig
	EndProjectSection
EndProject
Project("{FAE04EC0-301F-11D3-BF4B-00C04F79EFBC}") = "Interfaces", "Interfaces\Interfaces.csproj", "{C664C40D-79A6-4C60-9A63-073BCACD35F3}"
EndProject
Global
	GlobalSection(SolutionConfigurationPlatforms) = preSolution
		Debug|Any CPU = Debug|Any CPU
		Release|Any CPU = Release|Any CPU
	EndGlobalSection
	GlobalSection(ProjectConfigurationPlatforms) = postSolution
		{92D09766-9A43-480D-BC66-5F0E5950E419}.Debug|Any CPU.ActiveCfg = Debug|Any CPU
		{92D09766-9A43-480D-BC66-5F0E5950E419}.Debug|Any CPU.Build.0 = Debug|Any CPU
		{92D09766-9A43-480D-BC66-5F0E5950E419}.Release|Any CPU.ActiveCfg = Release|Any CPU
		{92D09766-9A43-480D-BC66-5F0E5950E419}.Release|Any CPU.Build.0 = Release|Any CPU
		{783B512F-7DA5-46F1-854B-B58F580AC307}.Debug|Any CPU.ActiveCfg = Debug|Any CPU
		{783B512F-7DA5-46F1-854B-B58F580AC307}.Debug|Any CPU.Build.0 = Debug|Any CPU
		{783B512F-7DA5-46F1-854B-B58F580AC307}.Release|Any CPU.ActiveCfg = Release|Any CPU
		{783B512F-7DA5-46F1-854B-B58F580AC307}.Release|Any CPU.Build.0 = Release|Any CPU
		{C664C40D-79A6-4C60-9A63-073BCACD35F3}.Debug|Any CPU.ActiveCfg = Debug|Any CPU
		{C664C40D-79A6-4C60-9A63-073BCACD35F3}.Debug|Any CPU.Build.0 = Debug|Any CPU
		{C664C40D-79A6-4C60-9A63-073BCACD35F3}.Release|Any CPU.ActiveCfg = Release|Any CPU
		{C664C40D-79A6-4C60-9A63-073BCACD35F3}.Release|Any CPU.Build.0 = Release|Any CPU
	EndGlobalSection
	GlobalSection(SolutionProperties) = preSolution
		HideSolutionNode = FALSE
	EndGlobalSection
	GlobalSection(ExtensibilityGlobals) = postSolution
		SolutionGuid = {4315ADE6-7485-4C2E-BFEA-F3FE79D38BDC}
	EndGlobalSection
EndGlobal
